
Microsoft Visual Studio Solution File, Format Version 12.00
# Visual Studio Version 17
VisualStudioVersion = 17.9.34701.34
MinimumVisualStudioVersion = 10.0.40219.1
Project("{FAE04EC0-301F-11D3-BF4B-00C04F79EFBC}") = "Reversi-WPF", "Reversi-WPF.csproj", "{775E7BD4-A882-4331-813C-7394293F2872}"
EndProject
Global
	GlobalSection(SolutionConfigurationPlatforms) = preSolution
		Debug|Any CPU = Debug|Any CPU
		Release|Any CPU = Release|Any CPU
	EndGlobalSection
	GlobalSection(ProjectConfigurationPlatforms) = postSolution
		{775E7BD4-A882-4331-813C-7394293F2872}.Debug|Any CPU.ActiveCfg = Debug|Any CPU
		{775E7BD4-A882-4331-813C-7394293F2872}.Debug|Any CPU.Build.0 = Debug|Any CPU
		{775E7BD4-A882-4331-813C-7394293F2872}.Release|Any CPU.ActiveCfg = Release|Any CPU
		{775E7BD4-A882-4331-813C-7394293F2872}.Release|Any CPU.Build.0 = Release|Any CPU
	EndGlobalSection
	GlobalSection(SolutionProperties) = preSolution
		HideSolutionNode = FALSE
	EndGlobalSection
	GlobalSection(ExtensibilityGlobals) = postSolution
		SolutionGuid = {1283B3F9-92CD-49D1-912C-A3A7C314C9AA}
	EndGlobalSection
EndGlobal
